
Microsoft Visual Studio Solution File, Format Version 12.00
Project("{FAE04EC0-301F-11D3-BF4B-00C04F79EFBC}") = "GitTutorialApp", "GitTutorialApp\GitTutorialApp.csproj", "{BB637255-7B76-4C31-8C5B-BA42903DD63B}"
EndProject
Global
	GlobalSection(SolutionConfigurationPlatforms) = preSolution
		Debug|Any CPU = Debug|Any CPU
		Release|Any CPU = Release|Any CPU
	EndGlobalSection
	GlobalSection(ProjectConfigurationPlatforms) = postSolution
		{BB637255-7B76-4C31-8C5B-BA42903DD63B}.Debug|Any CPU.ActiveCfg = Debug|Any CPU
		{BB637255-7B76-4C31-8C5B-BA42903DD63B}.Debug|Any CPU.Build.0 = Debug|Any CPU
		{BB637255-7B76-4C31-8C5B-BA42903DD63B}.Release|Any CPU.ActiveCfg = Release|Any CPU
		{BB637255-7B76-4C31-8C5B-BA42903DD63B}.Release|Any CPU.Build.0 = Release|Any CPU
	EndGlobalSection
EndGlobal
